
Microsoft Visual Studio Solution File, Format Version 12.00
# Visual Studio Express 2013 for Windows Desktop
VisualStudioVersion = 12.0.30723.0
MinimumVisualStudioVersion = 10.0.40219.1
Project("{FAE04EC0-301F-11D3-BF4B-00C04F79EFBC}") = "MissingNumberPresentation", "MissingNumberPresentation.csproj", "{0F2A00C0-8411-486B-B077-A5E094B6E9E0}"
EndProject
Project("{FAE04EC0-301F-11D3-BF4B-00C04F79EFBC}") = "MissingNumberDataManagement", "..\MissingNumberDataManagement\MissingNumberDataManagement.csproj", "{75FA3987-1BED-487A-8CCA-B322B46F5906}"
EndProject
Global
	GlobalSection(SolutionConfigurationPlatforms) = preSolution
		Debug|Any CPU = Debug|Any CPU
		Release|Any CPU = Release|Any CPU
	EndGlobalSection
	GlobalSection(ProjectConfigurationPlatforms) = postSolution
		{0F2A00C0-8411-486B-B077-A5E094B6E9E0}.Debug|Any CPU.ActiveCfg = Debug|Any CPU
		{0F2A00C0-8411-486B-B077-A5E094B6E9E0}.Debug|Any CPU.Build.0 = Debug|Any CPU
		{0F2A00C0-8411-486B-B077-A5E094B6E9E0}.Release|Any CPU.ActiveCfg = Release|Any CPU
		{0F2A00C0-8411-486B-B077-A5E094B6E9E0}.Release|Any CPU.Build.0 = Release|Any CPU
		{75FA3987-1BED-487A-8CCA-B322B46F5906}.Debug|Any CPU.ActiveCfg = Debug|Any CPU
		{75FA3987-1BED-487A-8CCA-B322B46F5906}.Debug|Any CPU.Build.0 = Debug|Any CPU
		{75FA3987-1BED-487A-8CCA-B322B46F5906}.Release|Any CPU.ActiveCfg = Release|Any CPU
		{75FA3987-1BED-487A-8CCA-B322B46F5906}.Release|Any CPU.Build.0 = Release|Any CPU
	EndGlobalSection
	GlobalSection(SolutionProperties) = preSolution
		HideSolutionNode = FALSE
	EndGlobalSection
EndGlobal
